{
    "_meta": {
        "hash": {
            "sha256": "eeaeae7d463e6632b785a47229273ab7f041cb2cb2d3329531ee9320aecb21bb"
        },
        "pipfile-spec": 6,
        "requires": {
            "python_version": ">=3.12"
        },
        "sources": [
            {
                "name": "pypi",
                "url": "https://pypi.python.org/simple",
                "verify_ssl": true
            }
        ]
    },
    "default": {},
    "develop": {}
}
